// !$*UTF8*$!
{
	archiveVersion = 1;
	classes = {
	};
	objectVersion = 48;
	objects = {

/* Begin PBXBuildFile section */
		7DFD05022015AEC200AEC533 /* AppDelegate.swift in Sources */ = {isa = PBXBuildFile; fileRef = 7DFD05012015AEC200AEC533 /* AppDelegate.swift */; };
		7DFD05042015AEC200AEC533 /* ViewController.swift in Sources */ = {isa = PBXBuildFile; fileRef = 7DFD05032015AEC200AEC533 /* ViewController.swift */; };
		7DFD05072015AEC200AEC533 /* Main.storyboard in Resources */ = {isa = PBXBuildFile; fileRef = 7DFD05052015AEC200AEC533 /* Main.storyboard */; };
		7DFD05092015AEC200AEC533 /* Assets.xcassets in Resources */ = {isa = PBXBuildFile; fileRef = 7DFD05082015AEC200AEC533 /* Assets.xcassets */; };
		7DFD050C2015AEC200AEC533 /* LaunchScreen.storyboard in Resources */ = {isa = PBXBuildFile; fileRef = 7DFD050A2015AEC200AEC533 /* LaunchScreen.storyboard */; };
		7DFD05172015AEC200AEC533 /* FlixTests.swift in Sources */ = {isa = PBXBuildFile; fileRef = 7DFD05162015AEC200AEC533 /* FlixTests.swift */; };
		7DFD05222015AEC200AEC533 /* FlixUITests.swift in Sources */ = {isa = PBXBuildFile; fileRef = 7DFD05212015AEC200AEC533 /* FlixUITests.swift */; };
/* End PBXBuildFile section */

/* Begin PBXContainerItemProxy section */
		7DFD05132015AEC200AEC533 /* PBXContainerItemProxy */ = {
			isa = PBXContainerItemProxy;
			containerPortal = 7DFD04F62015AEC200AEC533 /* Project object */;
			proxyType = 1;
			remoteGlobalIDString = 7DFD04FD2015AEC200AEC533;
			remoteInfo = Flix;
		};
		7DFD051E2015AEC200AEC533 /* PBXContainerItemProxy */ = {
			isa = PBXContainerItemProxy;
			containerPortal = 7DFD04F62015AEC200AEC533 /* Project object */;
			proxyType = 1;
			remoteGlobalIDString = 7DFD04FD2015AEC200AEC533;
			remoteInfo = Flix;
		};
/* End PBXContainerItemProxy section */

/* Begin PBXFileReference section */
		7DFD04FE2015AEC200AEC533 /* Flix.app */ = {isa = PBXFileReference; explicitFileType = wrapper.application; includeInIndex = 0; path = Flix.app; sourceTree = BUILT_PRODUCTS_DIR; };
		7DFD05012015AEC200AEC533 /* AppDelegate.swift */ = {isa = PBXFileReference; lastKnownFileType = sourcecode.swift; path = AppDelegate.swift; sourceTree = "<group>"; };
		7DFD05032015AEC200AEC533 /* ViewController.swift */ = {isa = PBXFileReference; lastKnownFileType = sourcecode.swift; path = ViewController.swift; sourceTree = "<group>"; };
		7DFD05062015AEC200AEC533 /* Base */ = {isa = PBXFileReference; lastKnownFileType = file.storyboard; name = Base; path = Base.lproj/Main.storyboard; sourceTree = "<group>"; };
		7DFD05082015AEC200AEC533 /* Assets.xcassets */ = {isa = PBXFileReference; lastKnownFileType = folder.assetcatalog; path = Assets.xcassets; sourceTree = "<group>"; };
		7DFD050B2015AEC200AEC533 /* Base */ = {isa = PBXFileReference; lastKnownFileType = file.storyboard; name = Base; path = Base.lproj/LaunchScreen.storyboard; sourceTree = "<group>"; };
		7DFD050D2015AEC200AEC533 /* Info.plist */ = {isa = PBXFileReference; lastKnownFileType = text.plist.xml; path = Info.plist; sourceTree = "<group>"; };
		7DFD05122015AEC200AEC533 /* FlixTests.xctest */ = {isa = PBXFileReference; explicitFileType = wrapper.cfbundle; includeInIndex = 0; path = FlixTests.xctest; sourceTree = BUILT_PRODUCTS_DIR; };
		7DFD05162015AEC200AEC533 /* FlixTests.swift */ = {isa = PBXFileReference; lastKnownFileType = sourcecode.swift; path = FlixTests.swift; sourceTree = "<group>"; };
		7DFD05182015AEC200AEC533 /* Info.plist */ = {isa = PBXFileReference; lastKnownFileType = text.plist.xml; path = Info.plist; sourceTree = "<group>"; };
		7DFD051D2015AEC200AEC533 /* FlixUITests.xctest */ = {isa = PBXFileReference; explicitFileType = wrapper.cfbundle; includeInIndex = 0; path = FlixUITests.xctest; sourceTree = BUILT_PRODUCTS_DIR; };
		7DFD05212015AEC200AEC533 /* FlixUITests.swift */ = {isa = PBXFileReference; lastKnownFileType = sourcecode.swift; path = FlixUITests.swift; sourceTree = "<group>"; };
		7DFD05232015AEC200AEC533 /* Info.plist */ = {isa = PBXFileReference; lastKnownFileType = text.plist.xml; path = Info.plist; sourceTree = "<group>"; };
/* End PBXFileReference section */

/* Begin PBXFrameworksBuildPhase section */
		7DFD04FB2015AEC200AEC533 /* Frameworks */ = {
			isa = PBXFrameworksBuildPhase;
			buildActionMask = 2147483647;
			files = (
			);
			runOnlyForDeploymentPostprocessing = 0;
		};
		7DFD050F2015AEC200AEC533 /* Frameworks */ = {
			isa = PBXFrameworksBuildPhase;
			buildActionMask = 2147483647;
			files = (
			);
			runOnlyForDeploymentPostprocessing = 0;
		};
		7DFD051A2015AEC200AEC533 /* Frameworks */ = {
			isa = PBXFrameworksBuildPhase;
			buildActionMask = 2147483647;
			files = (
			);
			runOnlyForDeploymentPostprocessing = 0;
		};
/* End PBXFrameworksBuildPhase section */

/* Begin PBXGroup section */
		7DFD04F52015AEC200AEC533 = {
			isa = PBXGroup;
			children = (
				7DFD05002015AEC200AEC533 /* Flix */,
				7DFD05152015AEC200AEC533 /* FlixTests */,
				7DFD05202015AEC200AEC533 /* FlixUITests */,
				7DFD04FF2015AEC200AEC533 /* Products */,
			);
			sourceTree = "<group>";
		};
		7DFD04FF2015AEC200AEC533 /* Products */ = {
			isa = PBXGroup;
			children = (
				7DFD04FE2015AEC200AEC533 /* Flix.app */,
				7DFD05122015AEC200AEC533 /* FlixTests.xctest */,
				7DFD051D2015AEC200AEC533 /* FlixUITests.xctest */,
			);
			name = Products;
			sourceTree = "<group>";
		};
		7DFD05002015AEC200AEC533 /* Flix */ = {
			isa = PBXGroup;
			children = (
				7DFD05012015AEC200AEC533 /* AppDelegate.swift */,
				7DFD05032015AEC200AEC533 /* ViewController.swift */,
				7DFD05052015AEC200AEC533 /* Main.storyboard */,
				7DFD05082015AEC200AEC533 /* Assets.xcassets */,
				7DFD050A2015AEC200AEC533 /* LaunchScreen.storyboard */,
				7DFD050D2015AEC200AEC533 /* Info.plist */,
			);
			path = Flix;
			sourceTree = "<group>";
		};
		7DFD05152015AEC200AEC533 /* FlixTests */ = {
			isa = PBXGroup;
			children = (
				7DFD05162015AEC200AEC533 /* FlixTests.swift */,
				7DFD05182015AEC200AEC533 /* Info.plist */,
			);
			path = FlixTests;
			sourceTree = "<group>";
		};
		7DFD05202015AEC200AEC533 /* FlixUITests */ = {
			isa = PBXGroup;
			children = (
				7DFD05212015AEC200AEC533 /* FlixUITests.swift */,
				7DFD05232015AEC200AEC533 /* Info.plist */,
			);
			path = FlixUITests;
			sourceTree = "<group>";
		};
/* End PBXGroup section */

/* Begin PBXNativeTarget section */
		7DFD04FD2015AEC200AEC533 /* Flix */ = {
			isa = PBXNativeTarget;
			buildConfigurationList = 7DFD05262015AEC200AEC533 /* Build configuration list for PBXNativeTarget "Flix" */;
			buildPhases = (
				7DFD04FA2015AEC200AEC533 /* Sources */,
				7DFD04FB2015AEC200AEC533 /* Frameworks */,
				7DFD04FC2015AEC200AEC533 /* Resources */,
			);
			buildRules = (
			);
			dependencies = (
			);
			name = Flix;
			productName = Flix;
			productReference = 7DFD04FE2015AEC200AEC533 /* Flix.app */;
			productType = "com.apple.product-type.application";
		};
		7DFD05112015AEC200AEC533 /* FlixTests */ = {
			isa = PBXNativeTarget;
			buildConfigurationList = 7DFD05292015AEC200AEC533 /* Build configuration list for PBXNativeTarget "FlixTests" */;
			buildPhases = (
				7DFD050E2015AEC200AEC533 /* Sources */,
				7DFD050F2015AEC200AEC533 /* Frameworks */,
				7DFD05102015AEC200AEC533 /* Resources */,
			);
			buildRules = (
			);
			dependencies = (
				7DFD05142015AEC200AEC533 /* PBXTargetDependency */,
			);
			name = FlixTests;
			productName = FlixTests;
			productReference = 7DFD05122015AEC200AEC533 /* FlixTests.xctest */;
			productType = "com.apple.product-type.bundle.unit-test";
		};
		7DFD051C2015AEC200AEC533 /* FlixUITests */ = {
			isa = PBXNativeTarget;
			buildConfigurationList = 7DFD052C2015AEC200AEC533 /* Build configuration list for PBXNativeTarget "FlixUITests" */;
			buildPhases = (
				7DFD05192015AEC200AEC533 /* Sources */,
				7DFD051A2015AEC200AEC533 /* Frameworks */,
				7DFD051B2015AEC200AEC533 /* Resources */,
			);
			buildRules = (
			);
			dependencies = (
				7DFD051F2015AEC200AEC533 /* PBXTargetDependency */,
			);
			name = FlixUITests;
			productName = FlixUITests;
			productReference = 7DFD051D2015AEC200AEC533 /* FlixUITests.xctest */;
			productType = "com.apple.product-type.bundle.ui-testing";
		};
/* End PBXNativeTarget section */

/* Begin PBXProject section */
		7DFD04F62015AEC200AEC533 /* Project object */ = {
			isa = PBXProject;
			attributes = {
				LastSwiftUpdateCheck = 0920;
				LastUpgradeCheck = 0920;
				ORGANIZATIONNAME = "Pranaya Adhikari";
				TargetAttributes = {
					7DFD04FD2015AEC200AEC533 = {
						CreatedOnToolsVersion = 9.2;
						ProvisioningStyle = Automatic;
					};
					7DFD05112015AEC200AEC533 = {
						CreatedOnToolsVersion = 9.2;
						ProvisioningStyle = Automatic;
						TestTargetID = 7DFD04FD2015AEC200AEC533;
					};
					7DFD051C2015AEC200AEC533 = {
						CreatedOnToolsVersion = 9.2;
						ProvisioningStyle = Automatic;
						TestTargetID = 7DFD04FD2015AEC200AEC533;
					};
				};
			};
			buildConfigurationList = 7DFD04F92015AEC200AEC533 /* Build configuration list for PBXProject "Flix" */;
			compatibilityVersion = "Xcode 8.0";
			developmentRegion = en;
			hasScannedForEncodings = 0;
			knownRegions = (
				en,
				Base,
			);
			mainGroup = 7DFD04F52015AEC200AEC533;
			productRefGroup = 7DFD04FF2015AEC200AEC533 /* Products */;
			projectDirPath = "";
			projectRoot = "";
			targets = (
				7DFD04FD2015AEC200AEC533 /* Flix */,
				7DFD05112015AEC200AEC533 /* FlixTests */,
				7DFD051C2015AEC200AEC533 /* FlixUITests */,
			);
		};
/* End PBXProject section */

/* Begin PBXResourcesBuildPhase section */
		7DFD04FC2015AEC200AEC533 /* Resources */ = {
			isa = PBXResourcesBuildPhase;
			buildActionMask = 2147483647;
			files = (
				7DFD050C2015AEC200AEC533 /* LaunchScreen.storyboard in Resources */,
				7DFD05092015AEC200AEC533 /* Assets.xcassets in Resources */,
				7DFD05072015AEC200AEC533 /* Main.storyboard in Resources */,
			);
			runOnlyForDeploymentPostprocessing = 0;
		};
		7DFD05102015AEC200AEC533 /* Resources */ = {
			isa = PBXResourcesBuildPhase;
			buildActionMask = 2147483647;
			files = (
			);
			runOnlyForDeploymentPostprocessing = 0;
		};
		7DFD051B2015AEC200AEC533 /* Resources */ = {
			isa = PBXResourcesBuildPhase;
			buildActionMask = 2147483647;
			files = (
			);
			runOnlyForDeploymentPostprocessing = 0;
		};
/* End PBXResourcesBuildPhase section */

/* Begin PBXSourcesBuildPhase section */
		7DFD04FA2015AEC200AEC533 /* Sources */ = {
			isa = PBXSourcesBuildPhase;
			buildActionMask = 2147483647;
			files = (
				7DFD05042015AEC200AEC533 /* ViewController.swift in Sources */,
				7DFD05022015AEC200AEC533 /* AppDelegate.swift in Sources */,
			);
			runOnlyForDeploymentPostprocessing = 0;
		};
		7DFD050E2015AEC200AEC533 /* Sources */ = {
			isa = PBXSourcesBuildPhase;
			buildActionMask = 2147483647;
			files = (
				7DFD05172015AEC200AEC533 /* FlixTests.swift in Sources */,
			);
			runOnlyForDeploymentPostprocessing = 0;
		};
		7DFD05192015AEC200AEC533 /* Sources */ = {
			isa = PBXSourcesBuildPhase;
			buildActionMask = 2147483647;
			files = (
				7DFD05222015AEC200AEC533 /* FlixUITests.swift in Sources */,
			);
			runOnlyForDeploymentPostprocessing = 0;
		};
/* End PBXSourcesBuildPhase section */

/* Begin PBXTargetDependency section */
		7DFD05142015AEC200AEC533 /* PBXTargetDependency */ = {
			isa = PBXTargetDependency;
			target = 7DFD04FD2015AEC200AEC533 /* Flix */;
			targetProxy = 7DFD05132015AEC200AEC533 /* PBXContainerItemProxy */;
		};
		7DFD051F2015AEC200AEC533 /* PBXTargetDependency */ = {
			isa = PBXTargetDependency;
			target = 7DFD04FD2015AEC200AEC533 /* Flix */;
			targetProxy = 7DFD051E2015AEC200AEC533 /* PBXContainerItemProxy */;
		};
/* End PBXTargetDependency section */

/* Begin PBXVariantGroup section */
		7DFD05052015AEC200AEC533 /* Main.storyboard */ = {
			isa = PBXVariantGroup;
			children = (
				7DFD05062015AEC200AEC533 /* Base */,
			);
			name = Main.storyboard;
			sourceTree = "<group>";
		};
		7DFD050A2015AEC200AEC533 /* LaunchScreen.storyboard */ = {
			isa = PBXVariantGroup;
			children = (
				7DFD050B2015AEC200AEC533 /* Base */,
			);
			name = LaunchScreen.storyboard;
			sourceTree = "<group>";
		};
/* End PBXVariantGroup section */

/* Begin XCBuildConfiguration section */
		7DFD05242015AEC200AEC533 /* Debug */ = {
			isa = XCBuildConfiguration;
			buildSettings = {
				ALWAYS_SEARCH_USER_PATHS = NO;
				CLANG_ANALYZER_NONNULL = YES;
				CLANG_ANALYZER_NUMBER_OBJECT_CONVERSION = YES_AGGRESSIVE;
				CLANG_CXX_LANGUAGE_STANDARD = "gnu++14";
				CLANG_CXX_LIBRARY = "libc++";
				CLANG_ENABLE_MODULES = YES;
				CLANG_ENABLE_OBJC_ARC = YES;
				CLANG_WARN_BLOCK_CAPTURE_AUTORELEASING = YES;
				CLANG_WARN_BOOL_CONVERSION = YES;
				CLANG_WARN_COMMA = YES;
				CLANG_WARN_CONSTANT_CONVERSION = YES;
				CLANG_WARN_DIRECT_OBJC_ISA_USAGE = YES_ERROR;
				CLANG_WARN_DOCUMENTATION_COMMENTS = YES;
				CLANG_WARN_EMPTY_BODY = YES;
				CLANG_WARN_ENUM_CONVERSION = YES;
				CLANG_WARN_INFINITE_RECURSION = YES;
				CLANG_WARN_INT_CONVERSION = YES;
				CLANG_WARN_NON_LITERAL_NULL_CONVERSION = YES;
				CLANG_WARN_OBJC_LITERAL_CONVERSION = YES;
				CLANG_WARN_OBJC_ROOT_CLASS = YES_ERROR;
				CLANG_WARN_RANGE_LOOP_ANALYSIS = YES;
				CLANG_WARN_STRICT_PROTOTYPES = YES;
				CLANG_WARN_SUSPICIOUS_MOVE = YES;
				CLANG_WARN_UNGUARDED_AVAILABILITY = YES_AGGRESSIVE;
				CLANG_WARN_UNREACHABLE_CODE = YES;
				CLANG_WARN__DUPLICATE_METHOD_MATCH = YES;
				CODE_SIGN_IDENTITY = "iPhone Developer";
				COPY_PHASE_STRIP = NO;
				DEBUG_INFORMATION_FORMAT = dwarf;
				ENABLE_STRICT_OBJC_MSGSEND = YES;
				ENABLE_TESTABILITY = YES;
				GCC_C_LANGUAGE_STANDARD = gnu11;
				GCC_DYNAMIC_NO_PIC = NO;
				GCC_NO_COMMON_BLOCKS = YES;
				GCC_OPTIMIZATION_LEVEL = 0;
				GCC_PREPROCESSOR_DEFINITIONS = (
					"DEBUG=1",
					"$(inherited)",
				);
				GCC_WARN_64_TO_32_BIT_CONVERSION = YES;
				GCC_WARN_ABOUT_RETURN_TYPE = YES_ERROR;
				GCC_WARN_UNDECLARED_SELECTOR = YES;
				GCC_WARN_UNINITIALIZED_AUTOS = YES_AGGRESSIVE;
				GCC_WARN_UNUSED_FUNCTION = YES;
				GCC_WARN_UNUSED_VARIABLE = YES;
				IPHONEOS_DEPLOYMENT_TARGET = 11.2;
				MTL_ENABLE_DEBUG_INFO = YES;
				ONLY_ACTIVE_ARCH = YES;
				SDKROOT = iphoneos;
				SWIFT_ACTIVE_COMPILATION_CONDITIONS = DEBUG;
				SWIFT_OPTIMIZATION_LEVEL = "-Onone";
			};
			name = Debug;
		};
		7DFD05252015AEC200AEC533 /* Release */ = {
			isa = XCBuildConfiguration;
			buildSettings = {
				ALWAYS_SEARCH_USER_PATHS = NO;
				CLANG_ANALYZER_NONNULL = YES;
				CLANG_ANALYZER_NUMBER_OBJECT_CONVERSION = YES_AGGRESSIVE;
				CLANG_CXX_LANGUAGE_STANDARD = "gnu++14";
				CLANG_CXX_LIBRARY = "libc++";
				CLANG_ENABLE_MODULES = YES;
				CLANG_ENABLE_OBJC_ARC = YES;
				CLANG_WARN_BLOCK_CAPTURE_AUTORELEASING = YES;
				CLANG_WARN_BOOL_CONVERSION = YES;
				CLANG_WARN_COMMA = YES;
				CLANG_WARN_CONSTANT_CONVERSION = YES;
				CLANG_WARN_DIRECT_OBJC_ISA_USAGE = YES_ERROR;
				CLANG_WARN_DOCUMENTATION_COMMENTS = YES;
				CLANG_WARN_EMPTY_BODY = YES;
				CLANG_WARN_ENUM_CONVERSION = YES;
				CLANG_WARN_INFINITE_RECURSION = YES;
				CLANG_WARN_INT_CONVERSION = YES;
				CLANG_WARN_NON_LITERAL_NULL_CONVERSION = YES;
				CLANG_WARN_OBJC_LITERAL_CONVERSION = YES;
				CLANG_WARN_OBJC_ROOT_CLASS = YES_ERROR;
				CLANG_WARN_RANGE_LOOP_ANALYSIS = YES;
				CLANG_WARN_STRICT_PROTOTYPES = YES;
				CLANG_WARN_SUSPICIOUS_MOVE = YES;
				CLANG_WARN_UNGUARDED_AVAILABILITY = YES_AGGRESSIVE;
				CLANG_WARN_UNREACHABLE_CODE = YES;
				CLANG_WARN__DUPLICATE_METHOD_MATCH = YES;
				CODE_SIGN_IDENTITY = "iPhone Developer";
				COPY_PHASE_STRIP = NO;
				DEBUG_INFORMATION_FORMAT = "dwarf-with-dsym";
				ENABLE_NS_ASSERTIONS = NO;
				ENABLE_STRICT_OBJC_MSGSEND = YES;
				GCC_C_LANGUAGE_STANDARD = gnu11;
				GCC_NO_COMMON_BLOCKS = YES;
				GCC_WARN_64_TO_32_BIT_CONVERSION = YES;
				GCC_WARN_ABOUT_RETURN_TYPE = YES_ERROR;
				GCC_WARN_UNDECLARED_SELECTOR = YES;
				GCC_WARN_UNINITIALIZED_AUTOS = YES_AGGRESSIVE;
				GCC_WARN_UNUSED_FUNCTION = YES;
				GCC_WARN_UNUSED_VARIABLE = YES;
				IPHONEOS_DEPLOYMENT_TARGET = 11.2;
				MTL_ENABLE_DEBUG_INFO = NO;
				SDKROOT = iphoneos;
				SWIFT_OPTIMIZATION_LEVEL = "-Owholemodule";
				VALIDATE_PRODUCT = YES;
			};
			name = Release;
		};
		7DFD05272015AEC200AEC533 /* Debug */ = {
			isa = XCBuildConfiguration;
			buildSettings = {
				ASSETCATALOG_COMPILER_APPICON_NAME = AppIcon;
				CODE_SIGN_STYLE = Automatic;
				INFOPLIST_FILE = Flix/Info.plist;
				LD_RUNPATH_SEARCH_PATHS = "$(inherited) @executable_path/Frameworks";
				PRODUCT_BUNDLE_IDENTIFIER = com.codepath.Flix;
				PRODUCT_NAME = "$(TARGET_NAME)";
				SWIFT_VERSION = 4.0;
				TARGETED_DEVICE_FAMILY = "1,2";
			};
			name = Debug;
		};
		7DFD05282015AEC200AEC533 /* Release */ = {
			isa = XCBuildConfiguration;
			buildSettings = {
				ASSETCATALOG_COMPILER_APPICON_NAME = AppIcon;
				CODE_SIGN_STYLE = Automatic;
				INFOPLIST_FILE = Flix/Info.plist;
				LD_RUNPATH_SEARCH_PATHS = "$(inherited) @executable_path/Frameworks";
				PRODUCT_BUNDLE_IDENTIFIER = com.codepath.Flix;
				PRODUCT_NAME = "$(TARGET_NAME)";
				SWIFT_VERSION = 4.0;
				TARGETED_DEVICE_FAMILY = "1,2";
			};
			name = Release;
		};
		7DFD052A2015AEC200AEC533 /* Debug */ = {
			isa = XCBuildConfiguration;
			buildSettings = {
				ALWAYS_EMBED_SWIFT_STANDARD_LIBRARIES = YES;
				BUNDLE_LOADER = "$(TEST_HOST)";
				CODE_SIGN_STYLE = Automatic;
				INFOPLIST_FILE = FlixTests/Info.plist;
				LD_RUNPATH_SEARCH_PATHS = "$(inherited) @executable_path/Frameworks @loader_path/Frameworks";
				PRODUCT_BUNDLE_IDENTIFIER = com.codepath.FlixTests;
				PRODUCT_NAME = "$(TARGET_NAME)";
				SWIFT_VERSION = 4.0;
				TARGETED_DEVICE_FAMILY = "1,2";
				TEST_HOST = "$(BUILT_PRODUCTS_DIR)/Flix.app/Flix";
			};
			name = Debug;
		};
		7DFD052B2015AEC200AEC533 /* Release */ = {
			isa = XCBuildConfiguration;
			buildSettings = {
				ALWAYS_EMBED_SWIFT_STANDARD_LIBRARIES = YES;
				BUNDLE_LOADER = "$(TEST_HOST)";
				CODE_SIGN_STYLE = Automatic;
				INFOPLIST_FILE = FlixTests/Info.plist;
				LD_RUNPATH_SEARCH_PATHS = "$(inherited) @executable_path/Frameworks @loader_path/Frameworks";
				PRODUCT_BUNDLE_IDENTIFIER = com.codepath.FlixTests;
				PRODUCT_NAME = "$(TARGET_NAME)";
				SWIFT_VERSION = 4.0;
				TARGETED_DEVICE_FAMILY = "1,2";
				TEST_HOST = "$(BUILT_PRODUCTS_DIR)/Flix.app/Flix";
			};
			name = Release;
		};
		7DFD052D2015AEC200AEC533 /* Debug */ = {
			isa = XCBuildConfiguration;
			buildSettings = {
				ALWAYS_EMBED_SWIFT_STANDARD_LIBRARIES = YES;
				CODE_SIGN_STYLE = Automatic;
				INFOPLIST_FILE = FlixUITests/Info.plist;
				LD_RUNPATH_SEARCH_PATHS = "$(inherited) @executable_path/Frameworks @loader_path/Frameworks";
				PRODUCT_BUNDLE_IDENTIFIER = com.codepath.FlixUITests;
				PRODUCT_NAME = "$(TARGET_NAME)";
				SWIFT_VERSION = 4.0;
				TARGETED_DEVICE_FAMILY = "1,2";
				TEST_TARGET_NAME = Flix;
			};
			name = Debug;
		};
		7DFD052E2015AEC200AEC533 /* Release */ = {
			isa = XCBuildConfiguration;
			buildSettings = {
				ALWAYS_EMBED_SWIFT_STANDARD_LIBRARIES = YES;
				CODE_SIGN_STYLE = Automatic;
				INFOPLIST_FILE = FlixUITests/Info.plist;
				LD_RUNPATH_SEARCH_PATHS = "$(inherited) @executable_path/Frameworks @loader_path/Frameworks";
				PRODUCT_BUNDLE_IDENTIFIER = com.codepath.FlixUITests;
				PRODUCT_NAME = "$(TARGET_NAME)";
				SWIFT_VERSION = 4.0;
				TARGETED_DEVICE_FAMILY = "1,2";
				TEST_TARGET_NAME = Flix;
			};
			name = Release;
		};
/* End XCBuildConfiguration section */

/* Begin XCConfigurationList section */
		7DFD04F92015AEC200AEC533 /* Build configuration list for PBXProject "Flix" */ = {
			isa = XCConfigurationList;
			buildConfigurations = (
				7DFD05242015AEC200AEC533 /* Debug */,
				7DFD05252015AEC200AEC533 /* Release */,
			);
			defaultConfigurationIsVisible = 0;
			defaultConfigurationName = Release;
		};
		7DFD05262015AEC200AEC533 /* Build configuration list for PBXNativeTarget "Flix" */ = {
			isa = XCConfigurationList;
			buildConfigurations = (
				7DFD05272015AEC200AEC533 /* Debug */,
				7DFD05282015AEC200AEC533 /* Release */,
			);
			defaultConfigurationIsVisible = 0;
			defaultConfigurationName = Release;
		};
		7DFD05292015AEC200AEC533 /* Build configuration list for PBXNativeTarget "FlixTests" */ = {
			isa = XCConfigurationList;
			buildConfigurations = (
				7DFD052A2015AEC200AEC533 /* Debug */,
				7DFD052B2015AEC200AEC533 /* Release */,
			);
			defaultConfigurationIsVisible = 0;
			defaultConfigurationName = Release;
		};
		7DFD052C2015AEC200AEC533 /* Build configuration list for PBXNativeTarget "FlixUITests" */ = {
			isa = XCConfigurationList;
			buildConfigurations = (
				7DFD052D2015AEC200AEC533 /* Debug */,
				7DFD052E2015AEC200AEC533 /* Release */,
			);
			defaultConfigurationIsVisible = 0;
			defaultConfigurationName = Release;
		};
/* End XCConfigurationList section */
	};
	rootObject = 7DFD04F62015AEC200AEC533 /* Project object */;
}
